
Microsoft Visual Studio Solution File, Format Version 12.00
# Visual Studio Version 17
VisualStudioVersion = 17.9.34616.47
MinimumVisualStudioVersion = 10.0.40219.1
Project("{9A19103F-16F7-4668-BE54-9A1E7A4F7556}") = "ManagerDb", "ManagerDb\ManagerDb.csproj", "{95C558E0-4D13-42C5-BE9C-8FA810EB3229}"
EndProject
Project("{FAE04EC0-301F-11D3-BF4B-00C04F79EFBC}") = "Db", "Db\Db.csproj", "{0079419E-A43A-4189-879E-0537229F8333}"
EndProject
Global
	GlobalSection(SolutionConfigurationPlatforms) = preSolution
		Debug|Any CPU = Debug|Any CPU
		Release|Any CPU = Release|Any CPU
	EndGlobalSection
	GlobalSection(ProjectConfigurationPlatforms) = postSolution
		{95C558E0-4D13-42C5-BE9C-8FA810EB3229}.Debug|Any CPU.ActiveCfg = Debug|Any CPU
		{95C558E0-4D13-42C5-BE9C-8FA810EB3229}.Debug|Any CPU.Build.0 = Debug|Any CPU
		{95C558E0-4D13-42C5-BE9C-8FA810EB3229}.Release|Any CPU.ActiveCfg = Release|Any CPU
		{95C558E0-4D13-42C5-BE9C-8FA810EB3229}.Release|Any CPU.Build.0 = Release|Any CPU
		{0079419E-A43A-4189-879E-0537229F8333}.Debug|Any CPU.ActiveCfg = Debug|Any CPU
		{0079419E-A43A-4189-879E-0537229F8333}.Debug|Any CPU.Build.0 = Debug|Any CPU
		{0079419E-A43A-4189-879E-0537229F8333}.Release|Any CPU.ActiveCfg = Release|Any CPU
		{0079419E-A43A-4189-879E-0537229F8333}.Release|Any CPU.Build.0 = Release|Any CPU
	EndGlobalSection
	GlobalSection(SolutionProperties) = preSolution
		HideSolutionNode = FALSE
	EndGlobalSection
	GlobalSection(ExtensibilityGlobals) = postSolution
		SolutionGuid = {3905E0DC-AEEC-40BD-9A20-DA17E5917629}
	EndGlobalSection
EndGlobal
